// !$*UTF8*$!
{
	archiveVersion = 1;
	classes = {
	};
	objectVersion = 46;
	objects = {

/* Begin PBXBuildFile section */
		B649ADF71DADC973004086AE /* AppDelegate.swift in Sources */ = {isa = PBXBuildFile; fileRef = B649ADF61DADC973004086AE /* AppDelegate.swift */; };
		B649ADF91DADC973004086AE /* TasksViewController.swift in Sources */ = {isa = PBXBuildFile; fileRef = B649ADF81DADC973004086AE /* TasksViewController.swift */; };
		B649ADFC1DADC973004086AE /* Main.storyboard in Resources */ = {isa = PBXBuildFile; fileRef = B649ADFA1DADC973004086AE /* Main.storyboard */; };
		B649ADFF1DADC973004086AE /* DoIt.xcdatamodeld in Sources */ = {isa = PBXBuildFile; fileRef = B649ADFD1DADC973004086AE /* DoIt.xcdatamodeld */; };
		B649AE011DADC973004086AE /* Assets.xcassets in Resources */ = {isa = PBXBuildFile; fileRef = B649AE001DADC973004086AE /* Assets.xcassets */; };
		B649AE041DADC973004086AE /* LaunchScreen.storyboard in Resources */ = {isa = PBXBuildFile; fileRef = B649AE021DADC973004086AE /* LaunchScreen.storyboard */; };
		B649AE0C1DADCEB1004086AE /* Task.swift in Sources */ = {isa = PBXBuildFile; fileRef = B649AE0B1DADCEB1004086AE /* Task.swift */; };
		B690B2C21DAF15030011CAF0 /* CreateTaskViewController.swift in Sources */ = {isa = PBXBuildFile; fileRef = B690B2C11DAF15030011CAF0 /* CreateTaskViewController.swift */; };
/* End PBXBuildFile section */

/* Begin PBXFileReference section */
		B649ADF31DADC973004086AE /* DoIt.app */ = {isa = PBXFileReference; explicitFileType = wrapper.application; includeInIndex = 0; path = DoIt.app; sourceTree = BUILT_PRODUCTS_DIR; };
		B649ADF61DADC973004086AE /* AppDelegate.swift */ = {isa = PBXFileReference; lastKnownFileType = sourcecode.swift; path = AppDelegate.swift; sourceTree = "<group>"; };
		B649ADF81DADC973004086AE /* TasksViewController.swift */ = {isa = PBXFileReference; lastKnownFileType = sourcecode.swift; path = TasksViewController.swift; sourceTree = "<group>"; };
		B649ADFB1DADC973004086AE /* Base */ = {isa = PBXFileReference; lastKnownFileType = file.storyboard; name = Base; path = Base.lproj/Main.storyboard; sourceTree = "<group>"; };
		B649ADFE1DADC973004086AE /* DoIt.xcdatamodel */ = {isa = PBXFileReference; lastKnownFileType = wrapper.xcdatamodel; path = DoIt.xcdatamodel; sourceTree = "<group>"; };
		B649AE001DADC973004086AE /* Assets.xcassets */ = {isa = PBXFileReference; lastKnownFileType = folder.assetcatalog; path = Assets.xcassets; sourceTree = "<group>"; };
		B649AE031DADC973004086AE /* Base */ = {isa = PBXFileReference; lastKnownFileType = file.storyboard; name = Base; path = Base.lproj/LaunchScreen.storyboard; sourceTree = "<group>"; };
		B649AE051DADC973004086AE /* Info.plist */ = {isa = PBXFileReference; lastKnownFileType = text.plist.xml; path = Info.plist; sourceTree = "<group>"; };
		B649AE0B1DADCEB1004086AE /* Task.swift */ = {isa = PBXFileReference; fileEncoding = 4; lastKnownFileType = sourcecode.swift; path = Task.swift; sourceTree = "<group>"; };
		B690B2C11DAF15030011CAF0 /* CreateTaskViewController.swift */ = {isa = PBXFileReference; fileEncoding = 4; lastKnownFileType = sourcecode.swift; path = CreateTaskViewController.swift; sourceTree = "<group>"; };
/* End PBXFileReference section */

/* Begin PBXFrameworksBuildPhase section */
		B649ADF01DADC972004086AE /* Frameworks */ = {
			isa = PBXFrameworksBuildPhase;
			buildActionMask = 2147483647;
			files = (
			);
			runOnlyForDeploymentPostprocessing = 0;
		};
/* End PBXFrameworksBuildPhase section */

/* Begin PBXGroup section */
		B649ADEA1DADC972004086AE = {
			isa = PBXGroup;
			children = (
				B649ADF51DADC973004086AE /* DoIt */,
				B649ADF41DADC973004086AE /* Products */,
			);
			sourceTree = "<group>";
		};
		B649ADF41DADC973004086AE /* Products */ = {
			isa = PBXGroup;
			children = (
				B649ADF31DADC973004086AE /* DoIt.app */,
			);
			name = Products;
			sourceTree = "<group>";
		};
		B649ADF51DADC973004086AE /* DoIt */ = {
			isa = PBXGroup;
			children = (
				B649ADF61DADC973004086AE /* AppDelegate.swift */,
				B649ADF81DADC973004086AE /* TasksViewController.swift */,
				B649AE0B1DADCEB1004086AE /* Task.swift */,
				B690B2C11DAF15030011CAF0 /* CreateTaskViewController.swift */,
				B649ADFA1DADC973004086AE /* Main.storyboard */,
				B649AE001DADC973004086AE /* Assets.xcassets */,
				B649AE021DADC973004086AE /* LaunchScreen.storyboard */,
				B649AE051DADC973004086AE /* Info.plist */,
				B649ADFD1DADC973004086AE /* DoIt.xcdatamodeld */,
			);
			path = DoIt;
			sourceTree = "<group>";
		};
/* End PBXGroup section */

/* Begin PBXNativeTarget section */
		B649ADF21DADC972004086AE /* DoIt */ = {
			isa = PBXNativeTarget;
			buildConfigurationList = B649AE081DADC973004086AE /* Build configuration list for PBXNativeTarget "DoIt" */;
			buildPhases = (
				B649ADEF1DADC972004086AE /* Sources */,
				B649ADF01DADC972004086AE /* Frameworks */,
				B649ADF11DADC972004086AE /* Resources */,
			);
			buildRules = (
			);
			dependencies = (
			);
			name = DoIt;
			productName = DoIt;
			productReference = B649ADF31DADC973004086AE /* DoIt.app */;
			productType = "com.apple.product-type.application";
		};
/* End PBXNativeTarget section */

/* Begin PBXProject section */
		B649ADEB1DADC972004086AE /* Project object */ = {
			isa = PBXProject;
			attributes = {
				LastSwiftUpdateCheck = 0800;
				LastUpgradeCheck = 0810;
				ORGANIZATIONNAME = Repel;
				TargetAttributes = {
					B649ADF21DADC972004086AE = {
						CreatedOnToolsVersion = 8.0;
						ProvisioningStyle = Automatic;
					};
				};
			};
			buildConfigurationList = B649ADEE1DADC972004086AE /* Build configuration list for PBXProject "DoIt" */;
			compatibilityVersion = "Xcode 3.2";
			developmentRegion = English;
			hasScannedForEncodings = 0;
			knownRegions = (
				en,
				Base,
			);
			mainGroup = B649ADEA1DADC972004086AE;
			productRefGroup = B649ADF41DADC973004086AE /* Products */;
			projectDirPath = "";
			projectRoot = "";
			targets = (
				B649ADF21DADC972004086AE /* DoIt */,
			);
		};
/* End PBXProject section */

/* Begin PBXResourcesBuildPhase section */
		B649ADF11DADC972004086AE /* Resources */ = {
			isa = PBXResourcesBuildPhase;
			buildActionMask = 2147483647;
			files = (
				B649AE041DADC973004086AE /* LaunchScreen.storyboard in Resources */,
				B649AE011DADC973004086AE /* Assets.xcassets in Resources */,
				B649ADFC1DADC973004086AE /* Main.storyboard in Resources */,
			);
			runOnlyForDeploymentPostprocessing = 0;
		};
/* End PBXResourcesBuildPhase section */

/* Begin PBXSourcesBuildPhase section */
		B649ADEF1DADC972004086AE /* Sources */ = {
			isa = PBXSourcesBuildPhase;
			buildActionMask = 2147483647;
			files = (
				B649AE0C1DADCEB1004086AE /* Task.swift in Sources */,
				B649ADFF1DADC973004086AE /* DoIt.xcdatamodeld in Sources */,
				B649ADF91DADC973004086AE /* TasksViewController.swift in Sources */,
				B649ADF71DADC973004086AE /* AppDelegate.swift in Sources */,
				B690B2C21DAF15030011CAF0 /* CreateTaskViewController.swift in Sources */,
			);
			runOnlyForDeploymentPostprocessing = 0;
		};
/* End PBXSourcesBuildPhase section */

/* Begin PBXVariantGroup section */
		B649ADFA1DADC973004086AE /* Main.storyboard */ = {
			isa = PBXVariantGroup;
			children = (
				B649ADFB1DADC973004086AE /* Base */,
			);
			name = Main.storyboard;
			sourceTree = "<group>";
		};
		B649AE021DADC973004086AE /* LaunchScreen.storyboard */ = {
			isa = PBXVariantGroup;
			children = (
				B649AE031DADC973004086AE /* Base */,
			);
			name = LaunchScreen.storyboard;
			sourceTree = "<group>";
		};
/* End PBXVariantGroup section */

/* Begin XCBuildConfiguration section */
		B649AE061DADC973004086AE /* Debug */ = {
			isa = XCBuildConfiguration;
			buildSettings = {
				ALWAYS_SEARCH_USER_PATHS = NO;
				CLANG_ANALYZER_NONNULL = YES;
				CLANG_CXX_LANGUAGE_STANDARD = "gnu++0x";
				CLANG_CXX_LIBRARY = "libc++";
				CLANG_ENABLE_MODULES = YES;
				CLANG_ENABLE_OBJC_ARC = YES;
				CLANG_WARN_BOOL_CONVERSION = YES;
				CLANG_WARN_CONSTANT_CONVERSION = YES;
				CLANG_WARN_DIRECT_OBJC_ISA_USAGE = YES_ERROR;
				CLANG_WARN_DOCUMENTATION_COMMENTS = YES;
				CLANG_WARN_EMPTY_BODY = YES;
				CLANG_WARN_ENUM_CONVERSION = YES;
				CLANG_WARN_INFINITE_RECURSION = YES;
				CLANG_WARN_INT_CONVERSION = YES;
				CLANG_WARN_OBJC_ROOT_CLASS = YES_ERROR;
				CLANG_WARN_SUSPICIOUS_MOVE = YES;
				CLANG_WARN_SUSPICIOUS_MOVES = YES;
				CLANG_WARN_UNREACHABLE_CODE = YES;
				CLANG_WARN__DUPLICATE_METHOD_MATCH = YES;
				"CODE_SIGN_IDENTITY[sdk=iphoneos*]" = "iPhone Developer";
				COPY_PHASE_STRIP = NO;
				DEBUG_INFORMATION_FORMAT = dwarf;
				ENABLE_STRICT_OBJC_MSGSEND = YES;
				ENABLE_TESTABILITY = YES;
				GCC_C_LANGUAGE_STANDARD = gnu99;
				GCC_DYNAMIC_NO_PIC = NO;
				GCC_NO_COMMON_BLOCKS = YES;
				GCC_OPTIMIZATION_LEVEL = 0;
				GCC_PREPROCESSOR_DEFINITIONS = (
					"DEBUG=1",
					"$(inherited)",
				);
				GCC_WARN_64_TO_32_BIT_CONVERSION = YES;
				GCC_WARN_ABOUT_RETURN_TYPE = YES_ERROR;
				GCC_WARN_UNDECLARED_SELECTOR = YES;
				GCC_WARN_UNINITIALIZED_AUTOS = YES_AGGRESSIVE;
				GCC_WARN_UNUSED_FUNCTION = YES;
				GCC_WARN_UNUSED_VARIABLE = YES;
				IPHONEOS_DEPLOYMENT_TARGET = 10.0;
				MTL_ENABLE_DEBUG_INFO = YES;
				ONLY_ACTIVE_ARCH = YES;
				SDKROOT = iphoneos;
				SWIFT_ACTIVE_COMPILATION_CONDITIONS = DEBUG;
				SWIFT_OPTIMIZATION_LEVEL = "-Onone";
				TARGETED_DEVICE_FAMILY = "1,2";
			};
			name = Debug;
		};
		B649AE071DADC973004086AE /* Release */ = {
			isa = XCBuildConfiguration;
			buildSettings = {
				ALWAYS_SEARCH_USER_PATHS = NO;
				CLANG_ANALYZER_NONNULL = YES;
				CLANG_CXX_LANGUAGE_STANDARD = "gnu++0x";
				CLANG_CXX_LIBRARY = "libc++";
				CLANG_ENABLE_MODULES = YES;
				CLANG_ENABLE_OBJC_ARC = YES;
				CLANG_WARN_BOOL_CONVERSION = YES;
				CLANG_WARN_CONSTANT_CONVERSION = YES;
				CLANG_WARN_DIRECT_OBJC_ISA_USAGE = YES_ERROR;
				CLANG_WARN_DOCUMENTATION_COMMENTS = YES;
				CLANG_WARN_EMPTY_BODY = YES;
				CLANG_WARN_ENUM_CONVERSION = YES;
				CLANG_WARN_INFINITE_RECURSION = YES;
				CLANG_WARN_INT_CONVERSION = YES;
				CLANG_WARN_OBJC_ROOT_CLASS = YES_ERROR;
				CLANG_WARN_SUSPICIOUS_MOVE = YES;
				CLANG_WARN_SUSPICIOUS_MOVES = YES;
				CLANG_WARN_UNREACHABLE_CODE = YES;
				CLANG_WARN__DUPLICATE_METHOD_MATCH = YES;
				"CODE_SIGN_IDENTITY[sdk=iphoneos*]" = "iPhone Developer";
				COPY_PHASE_STRIP = NO;
				DEBUG_INFORMATION_FORMAT = "dwarf-with-dsym";
				ENABLE_NS_ASSERTIONS = NO;
				ENABLE_STRICT_OBJC_MSGSEND = YES;
				GCC_C_LANGUAGE_STANDARD = gnu99;
				GCC_NO_COMMON_BLOCKS = YES;
				GCC_WARN_64_TO_32_BIT_CONVERSION = YES;
				GCC_WARN_ABOUT_RETURN_TYPE = YES_ERROR;
				GCC_WARN_UNDECLARED_SELECTOR = YES;
				GCC_WARN_UNINITIALIZED_AUTOS = YES_AGGRESSIVE;
				GCC_WARN_UNUSED_FUNCTION = YES;
				GCC_WARN_UNUSED_VARIABLE = YES;
				IPHONEOS_DEPLOYMENT_TARGET = 10.0;
				MTL_ENABLE_DEBUG_INFO = NO;
				SDKROOT = iphoneos;
				SWIFT_OPTIMIZATION_LEVEL = "-Owholemodule";
				TARGETED_DEVICE_FAMILY = "1,2";
				VALIDATE_PRODUCT = YES;
			};
			name = Release;
		};
		B649AE091DADC973004086AE /* Debug */ = {
			isa = XCBuildConfiguration;
			buildSettings = {
				ASSETCATALOG_COMPILER_APPICON_NAME = AppIcon;
				INFOPLIST_FILE = DoIt/Info.plist;
				LD_RUNPATH_SEARCH_PATHS = "$(inherited) @executable_path/Frameworks";
				PRODUCT_BUNDLE_IDENTIFIER = com.repel.DoIt;
				PRODUCT_NAME = "$(TARGET_NAME)";
				SWIFT_VERSION = 3.0;
			};
			name = Debug;
		};
		B649AE0A1DADC973004086AE /* Release */ = {
			isa = XCBuildConfiguration;
			buildSettings = {
				ASSETCATALOG_COMPILER_APPICON_NAME = AppIcon;
				INFOPLIST_FILE = DoIt/Info.plist;
				LD_RUNPATH_SEARCH_PATHS = "$(inherited) @executable_path/Frameworks";
				PRODUCT_BUNDLE_IDENTIFIER = com.repel.DoIt;
				PRODUCT_NAME = "$(TARGET_NAME)";
				SWIFT_VERSION = 3.0;
			};
			name = Release;
		};
/* End XCBuildConfiguration section */

/* Begin XCConfigurationList section */
		B649ADEE1DADC972004086AE /* Build configuration list for PBXProject "DoIt" */ = {
			isa = XCConfigurationList;
			buildConfigurations = (
				B649AE061DADC973004086AE /* Debug */,
				B649AE071DADC973004086AE /* Release */,
			);
			defaultConfigurationIsVisible = 0;
			defaultConfigurationName = Release;
		};
		B649AE081DADC973004086AE /* Build configuration list for PBXNativeTarget "DoIt" */ = {
			isa = XCConfigurationList;
			buildConfigurations = (
				B649AE091DADC973004086AE /* Debug */,
				B649AE0A1DADC973004086AE /* Release */,
			);
			defaultConfigurationIsVisible = 0;
			defaultConfigurationName = Release;
		};
/* End XCConfigurationList section */

/* Begin XCVersionGroup section */
		B649ADFD1DADC973004086AE /* DoIt.xcdatamodeld */ = {
			isa = XCVersionGroup;
			children = (
				B649ADFE1DADC973004086AE /* DoIt.xcdatamodel */,
			);
			currentVersion = B649ADFE1DADC973004086AE /* DoIt.xcdatamodel */;
			path = DoIt.xcdatamodeld;
			sourceTree = "<group>";
			versionGroupType = wrapper.xcdatamodel;
		};
/* End XCVersionGroup section */
	};
	rootObject = B649ADEB1DADC972004086AE /* Project object */;
}
